
Microsoft Visual Studio Solution File, Format Version 12.00
# Visual Studio Version 16
VisualStudioVersion = 16.0.30104.148
MinimumVisualStudioVersion = 10.0.40219.1
Project("{FAE04EC0-301F-11D3-BF4B-00C04F79EFBC}") = "SurfaceCalculator", "SurfaceCalculator\SurfaceCalculator.csproj", "{B4E2E1C5-8434-4FCE-B83F-0E60ED305A0B}"
EndProject
Global
	GlobalSection(SolutionConfigurationPlatforms) = preSolution
		Debug|Any CPU = Debug|Any CPU
		Release|Any CPU = Release|Any CPU
	EndGlobalSection
	GlobalSection(ProjectConfigurationPlatforms) = postSolution
		{B4E2E1C5-8434-4FCE-B83F-0E60ED305A0B}.Debug|Any CPU.ActiveCfg = Debug|Any CPU
		{B4E2E1C5-8434-4FCE-B83F-0E60ED305A0B}.Debug|Any CPU.Build.0 = Debug|Any CPU
		{B4E2E1C5-8434-4FCE-B83F-0E60ED305A0B}.Release|Any CPU.ActiveCfg = Release|Any CPU
		{B4E2E1C5-8434-4FCE-B83F-0E60ED305A0B}.Release|Any CPU.Build.0 = Release|Any CPU
	EndGlobalSection
	GlobalSection(SolutionProperties) = preSolution
		HideSolutionNode = FALSE
	EndGlobalSection
	GlobalSection(ExtensibilityGlobals) = postSolution
		SolutionGuid = {288FEC83-0ED7-4E3C-8D27-CEE85AF8B544}
	EndGlobalSection
EndGlobal
